
Microsoft Visual Studio Solution File, Format Version 12.00
# Visual Studio Version 17
VisualStudioVersion = 17.14.36221.1 d17.14
MinimumVisualStudioVersion = 10.0.40219.1
Project("{FAE04EC0-301F-11D3-BF4B-00C04F79EFBC}") = "SmartRoute.API", "SmartRoute.API\SmartRoute.API.csproj", "{7432CFE7-7885-4DEB-AE09-BA01DF7509E3}"
EndProject
Project("{FAE04EC0-301F-11D3-BF4B-00C04F79EFBC}") = "SmartRoute.Web", "SmartRoute.Web\SmartRoute.Web.csproj", "{8FC7A88A-B89C-4115-ACE0-2AA33F322A01}"
EndProject
Global
	GlobalSection(SolutionConfigurationPlatforms) = preSolution
		Debug|Any CPU = Debug|Any CPU
		Release|Any CPU = Release|Any CPU
	EndGlobalSection
	GlobalSection(ProjectConfigurationPlatforms) = postSolution
		{7432CFE7-7885-4DEB-AE09-BA01DF7509E3}.Debug|Any CPU.ActiveCfg = Debug|Any CPU
		{7432CFE7-7885-4DEB-AE09-BA01DF7509E3}.Debug|Any CPU.Build.0 = Debug|Any CPU
		{7432CFE7-7885-4DEB-AE09-BA01DF7509E3}.Release|Any CPU.ActiveCfg = Release|Any CPU
		{7432CFE7-7885-4DEB-AE09-BA01DF7509E3}.Release|Any CPU.Build.0 = Release|Any CPU
		{8FC7A88A-B89C-4115-ACE0-2AA33F322A01}.Debug|Any CPU.ActiveCfg = Debug|Any CPU
		{8FC7A88A-B89C-4115-ACE0-2AA33F322A01}.Debug|Any CPU.Build.0 = Debug|Any CPU
		{8FC7A88A-B89C-4115-ACE0-2AA33F322A01}.Release|Any CPU.ActiveCfg = Release|Any CPU
		{8FC7A88A-B89C-4115-ACE0-2AA33F322A01}.Release|Any CPU.Build.0 = Release|Any CPU
	EndGlobalSection
	GlobalSection(SolutionProperties) = preSolution
		HideSolutionNode = FALSE
	EndGlobalSection
	GlobalSection(ExtensibilityGlobals) = postSolution
		SolutionGuid = {FB0F208B-C28B-42A1-A9BD-02A307558D0F}
	EndGlobalSection
EndGlobal
